
Microsoft Visual Studio Solution File, Format Version 12.00
# Visual Studio Version 17
VisualStudioVersion = 17.2.32630.192
MinimumVisualStudioVersion = 10.0.40219.1
Project("{FAE04EC0-301F-11D3-BF4B-00C04F79EFBC}") = "WebApplication1", "WebApplication1\WebApplication1.csproj", "{7ED986AF-EB1D-455E-BF36-1F6F088F03CD}"
EndProject
Global
	GlobalSection(SolutionConfigurationPlatforms) = preSolution
		Debug|Any CPU = Debug|Any CPU
		Release|Any CPU = Release|Any CPU
	EndGlobalSection
	GlobalSection(ProjectConfigurationPlatforms) = postSolution
		{7ED986AF-EB1D-455E-BF36-1F6F088F03CD}.Debug|Any CPU.ActiveCfg = Debug|Any CPU
		{7ED986AF-EB1D-455E-BF36-1F6F088F03CD}.Debug|Any CPU.Build.0 = Debug|Any CPU
		{7ED986AF-EB1D-455E-BF36-1F6F088F03CD}.Release|Any CPU.ActiveCfg = Release|Any CPU
		{7ED986AF-EB1D-455E-BF36-1F6F088F03CD}.Release|Any CPU.Build.0 = Release|Any CPU
	EndGlobalSection
	GlobalSection(SolutionProperties) = preSolution
		HideSolutionNode = FALSE
	EndGlobalSection
	GlobalSection(ExtensibilityGlobals) = postSolution
		SolutionGuid = {13BF91B1-5526-4567-A1F3-95580164B54A}
	EndGlobalSection
EndGlobal
