
Microsoft Visual Studio Solution File, Format Version 12.00
# Visual Studio Version 17
VisualStudioVersion = 17.2.32630.192
MinimumVisualStudioVersion = 10.0.40219.1
Project("{FAE04EC0-301F-11D3-BF4B-00C04F79EFBC}") = "Practice2-S5-Data Annotation", "Practice2-S5-Data Annotation\Practice2-S5-Data Annotation.csproj", "{FAB48338-BD40-4A04-8F63-90648FA14A38}"
EndProject
Global
	GlobalSection(SolutionConfigurationPlatforms) = preSolution
		Debug|Any CPU = Debug|Any CPU
		Release|Any CPU = Release|Any CPU
	EndGlobalSection
	GlobalSection(ProjectConfigurationPlatforms) = postSolution
		{FAB48338-BD40-4A04-8F63-90648FA14A38}.Debug|Any CPU.ActiveCfg = Debug|Any CPU
		{FAB48338-BD40-4A04-8F63-90648FA14A38}.Debug|Any CPU.Build.0 = Debug|Any CPU
		{FAB48338-BD40-4A04-8F63-90648FA14A38}.Release|Any CPU.ActiveCfg = Release|Any CPU
		{FAB48338-BD40-4A04-8F63-90648FA14A38}.Release|Any CPU.Build.0 = Release|Any CPU
	EndGlobalSection
	GlobalSection(SolutionProperties) = preSolution
		HideSolutionNode = FALSE
	EndGlobalSection
	GlobalSection(ExtensibilityGlobals) = postSolution
		SolutionGuid = {8D0AF623-589D-45E5-8312-73A29981548B}
	EndGlobalSection
EndGlobal
